
Microsoft Visual Studio Solution File, Format Version 12.00
# Visual Studio 14
VisualStudioVersion = 14.0.25420.1
MinimumVisualStudioVersion = 10.0.40219.1
Project("{FAE04EC0-301F-11D3-BF4B-00C04F79EFBC}") = "AppLogsMobile", "AppLogsMobile\AppLogsMobile\AppLogsMobile.csproj", "{2920E16B-415C-4EB1-A6F5-D9CBFD29A77D}"
EndProject
Project("{FAE04EC0-301F-11D3-BF4B-00C04F79EFBC}") = "AppLogsMobile.Droid", "AppLogsMobile\AppLogsMobile.Droid\AppLogsMobile.Droid.csproj", "{F25197CB-4C8F-4886-AB08-B7913AF0E94E}"
EndProject
Project("{FAE04EC0-301F-11D3-BF4B-00C04F79EFBC}") = "AppLogsMobile.iOS", "AppLogsMobile\AppLogsMobile.iOS\AppLogsMobile.iOS.csproj", "{F68FE9C7-34D1-4C8E-A8C8-7655577247C6}"
EndProject
Project("{FAE04EC0-301F-11D3-BF4B-00C04F79EFBC}") = "AppLogsMobile.WinPhone", "AppLogsMobile\AppLogsMobile.WinPhone\AppLogsMobile.WinPhone.csproj", "{32721FEC-10E6-4053-8580-2FD4754C58E4}"
EndProject
Project("{FAE04EC0-301F-11D3-BF4B-00C04F79EFBC}") = "AppLogsMobile.UWP", "AppLogsMobile\AppLogsMobile.UWP\AppLogsMobile.UWP.csproj", "{FC0818AB-F673-482E-AC92-C9715AABCD84}"
EndProject
Project("{FAE04EC0-301F-11D3-BF4B-00C04F79EFBC}") = "AppLogsMobile.Windows", "AppLogsMobile\AppLogsMobile.Windows\AppLogsMobile.Windows.csproj", "{3FA05B8F-A604-4ACC-8E54-8E7E944C7A09}"
EndProject
Global
	GlobalSection(SolutionConfigurationPlatforms) = preSolution
		Ad-Hoc|Any CPU = Ad-Hoc|Any CPU
		Ad-Hoc|ARM = Ad-Hoc|ARM
		Ad-Hoc|iPhone = Ad-Hoc|iPhone
		Ad-Hoc|iPhoneSimulator = Ad-Hoc|iPhoneSimulator
		Ad-Hoc|x64 = Ad-Hoc|x64
		Ad-Hoc|x86 = Ad-Hoc|x86
		AppStore|Any CPU = AppStore|Any CPU
		AppStore|ARM = AppStore|ARM
		AppStore|iPhone = AppStore|iPhone
		AppStore|iPhoneSimulator = AppStore|iPhoneSimulator
		AppStore|x64 = AppStore|x64
		AppStore|x86 = AppStore|x86
		Debug|Any CPU = Debug|Any CPU
		Debug|ARM = Debug|ARM
		Debug|iPhone = Debug|iPhone
		Debug|iPhoneSimulator = Debug|iPhoneSimulator
		Debug|x64 = Debug|x64
		Debug|x86 = Debug|x86
		Release|Any CPU = Release|Any CPU
		Release|ARM = Release|ARM
		Release|iPhone = Release|iPhone
		Release|iPhoneSimulator = Release|iPhoneSimulator
		Release|x64 = Release|x64
		Release|x86 = Release|x86
	EndGlobalSection
	GlobalSection(ProjectConfigurationPlatforms) = postSolution
		{2920E16B-415C-4EB1-A6F5-D9CBFD29A77D}.Ad-Hoc|Any CPU.ActiveCfg = Release|Any CPU
		{2920E16B-415C-4EB1-A6F5-D9CBFD29A77D}.Ad-Hoc|Any CPU.Build.0 = Release|Any CPU
		{2920E16B-415C-4EB1-A6F5-D9CBFD29A77D}.Ad-Hoc|ARM.ActiveCfg = Release|Any CPU
		{2920E16B-415C-4EB1-A6F5-D9CBFD29A77D}.Ad-Hoc|ARM.Build.0 = Release|Any CPU
		{2920E16B-415C-4EB1-A6F5-D9CBFD29A77D}.Ad-Hoc|iPhone.ActiveCfg = Release|Any CPU
		{2920E16B-415C-4EB1-A6F5-D9CBFD29A77D}.Ad-Hoc|iPhone.Build.0 = Release|Any CPU
		{2920E16B-415C-4EB1-A6F5-D9CBFD29A77D}.Ad-Hoc|iPhoneSimulator.ActiveCfg = Release|Any CPU
		{2920E16B-415C-4EB1-A6F5-D9CBFD29A77D}.Ad-Hoc|iPhoneSimulator.Build.0 = Release|Any CPU
		{2920E16B-415C-4EB1-A6F5-D9CBFD29A77D}.Ad-Hoc|x64.ActiveCfg = Release|Any CPU
		{2920E16B-415C-4EB1-A6F5-D9CBFD29A77D}.Ad-Hoc|x64.Build.0 = Release|Any CPU
		{2920E16B-415C-4EB1-A6F5-D9CBFD29A77D}.Ad-Hoc|x86.ActiveCfg = Release|Any CPU
		{2920E16B-415C-4EB1-A6F5-D9CBFD29A77D}.Ad-Hoc|x86.Build.0 = Release|Any CPU
		{2920E16B-415C-4EB1-A6F5-D9CBFD29A77D}.AppStore|Any CPU.ActiveCfg = Release|Any CPU
		{2920E16B-415C-4EB1-A6F5-D9CBFD29A77D}.AppStore|Any CPU.Build.0 = Release|Any CPU
		{2920E16B-415C-4EB1-A6F5-D9CBFD29A77D}.AppStore|ARM.ActiveCfg = Release|Any CPU
		{2920E16B-415C-4EB1-A6F5-D9CBFD29A77D}.AppStore|ARM.Build.0 = Release|Any CPU
		{2920E16B-415C-4EB1-A6F5-D9CBFD29A77D}.AppStore|iPhone.ActiveCfg = Release|Any CPU
		{2920E16B-415C-4EB1-A6F5-D9CBFD29A77D}.AppStore|iPhone.Build.0 = Release|Any CPU
		{2920E16B-415C-4EB1-A6F5-D9CBFD29A77D}.AppStore|iPhoneSimulator.ActiveCfg = Release|Any CPU
		{2920E16B-415C-4EB1-A6F5-D9CBFD29A77D}.AppStore|iPhoneSimulator.Build.0 = Release|Any CPU
		{2920E16B-415C-4EB1-A6F5-D9CBFD29A77D}.AppStore|x64.ActiveCfg = Release|Any CPU
		{2920E16B-415C-4EB1-A6F5-D9CBFD29A77D}.AppStore|x64.Build.0 = Release|Any CPU
		{2920E16B-415C-4EB1-A6F5-D9CBFD29A77D}.AppStore|x86.ActiveCfg = Release|Any CPU
		{2920E16B-415C-4EB1-A6F5-D9CBFD29A77D}.AppStore|x86.Build.0 = Release|Any CPU
		{2920E16B-415C-4EB1-A6F5-D9CBFD29A77D}.Debug|Any CPU.ActiveCfg = Debug|Any CPU
		{2920E16B-415C-4EB1-A6F5-D9CBFD29A77D}.Debug|Any CPU.Build.0 = Debug|Any CPU
		{2920E16B-415C-4EB1-A6F5-D9CBFD29A77D}.Debug|ARM.ActiveCfg = Debug|Any CPU
		{2920E16B-415C-4EB1-A6F5-D9CBFD29A77D}.Debug|ARM.Build.0 = Debug|Any CPU
		{2920E16B-415C-4EB1-A6F5-D9CBFD29A77D}.Debug|iPhone.ActiveCfg = Debug|Any CPU
		{2920E16B-415C-4EB1-A6F5-D9CBFD29A77D}.Debug|iPhone.Build.0 = Debug|Any CPU
		{2920E16B-415C-4EB1-A6F5-D9CBFD29A77D}.Debug|iPhoneSimulator.ActiveCfg = Debug|Any CPU
		{2920E16B-415C-4EB1-A6F5-D9CBFD29A77D}.Debug|iPhoneSimulator.Build.0 = Debug|Any CPU
		{2920E16B-415C-4EB1-A6F5-D9CBFD29A77D}.Debug|x64.ActiveCfg = Debug|Any CPU
		{2920E16B-415C-4EB1-A6F5-D9CBFD29A77D}.Debug|x64.Build.0 = Debug|Any CPU
		{2920E16B-415C-4EB1-A6F5-D9CBFD29A77D}.Debug|x86.ActiveCfg = Debug|Any CPU
		{2920E16B-415C-4EB1-A6F5-D9CBFD29A77D}.Debug|x86.Build.0 = Debug|Any CPU
		{2920E16B-415C-4EB1-A6F5-D9CBFD29A77D}.Release|Any CPU.ActiveCfg = Release|Any CPU
		{2920E16B-415C-4EB1-A6F5-D9CBFD29A77D}.Release|Any CPU.Build.0 = Release|Any CPU
		{2920E16B-415C-4EB1-A6F5-D9CBFD29A77D}.Release|ARM.ActiveCfg = Release|Any CPU
		{2920E16B-415C-4EB1-A6F5-D9CBFD29A77D}.Release|ARM.Build.0 = Release|Any CPU
		{2920E16B-415C-4EB1-A6F5-D9CBFD29A77D}.Release|iPhone.ActiveCfg = Release|Any CPU
		{2920E16B-415C-4EB1-A6F5-D9CBFD29A77D}.Release|iPhone.Build.0 = Release|Any CPU
		{2920E16B-415C-4EB1-A6F5-D9CBFD29A77D}.Release|iPhoneSimulator.ActiveCfg = Release|Any CPU
		{2920E16B-415C-4EB1-A6F5-D9CBFD29A77D}.Release|iPhoneSimulator.Build.0 = Release|Any CPU
		{2920E16B-415C-4EB1-A6F5-D9CBFD29A77D}.Release|x64.ActiveCfg = Release|Any CPU
		{2920E16B-415C-4EB1-A6F5-D9CBFD29A77D}.Release|x64.Build.0 = Release|Any CPU
		{2920E16B-415C-4EB1-A6F5-D9CBFD29A77D}.Release|x86.ActiveCfg = Release|Any CPU
		{2920E16B-415C-4EB1-A6F5-D9CBFD29A77D}.Release|x86.Build.0 = Release|Any CPU
		{F25197CB-4C8F-4886-AB08-B7913AF0E94E}.Ad-Hoc|Any CPU.ActiveCfg = Release|Any CPU
		{F25197CB-4C8F-4886-AB08-B7913AF0E94E}.Ad-Hoc|Any CPU.Build.0 = Release|Any CPU
		{F25197CB-4C8F-4886-AB08-B7913AF0E94E}.Ad-Hoc|Any CPU.Deploy.0 = Release|Any CPU
		{F25197CB-4C8F-4886-AB08-B7913AF0E94E}.Ad-Hoc|ARM.ActiveCfg = Release|Any CPU
		{F25197CB-4C8F-4886-AB08-B7913AF0E94E}.Ad-Hoc|ARM.Build.0 = Release|Any CPU
		{F25197CB-4C8F-4886-AB08-B7913AF0E94E}.Ad-Hoc|ARM.Deploy.0 = Release|Any CPU
		{F25197CB-4C8F-4886-AB08-B7913AF0E94E}.Ad-Hoc|iPhone.ActiveCfg = Release|Any CPU
		{F25197CB-4C8F-4886-AB08-B7913AF0E94E}.Ad-Hoc|iPhone.Build.0 = Release|Any CPU
		{F25197CB-4C8F-4886-AB08-B7913AF0E94E}.Ad-Hoc|iPhone.Deploy.0 = Release|Any CPU
		{F25197CB-4C8F-4886-AB08-B7913AF0E94E}.Ad-Hoc|iPhoneSimulator.ActiveCfg = Release|Any CPU
		{F25197CB-4C8F-4886-AB08-B7913AF0E94E}.Ad-Hoc|iPhoneSimulator.Build.0 = Release|Any CPU
		{F25197CB-4C8F-4886-AB08-B7913AF0E94E}.Ad-Hoc|iPhoneSimulator.Deploy.0 = Release|Any CPU
		{F25197CB-4C8F-4886-AB08-B7913AF0E94E}.Ad-Hoc|x64.ActiveCfg = Release|Any CPU
		{F25197CB-4C8F-4886-AB08-B7913AF0E94E}.Ad-Hoc|x64.Build.0 = Release|Any CPU
		{F25197CB-4C8F-4886-AB08-B7913AF0E94E}.Ad-Hoc|x64.Deploy.0 = Release|Any CPU
		{F25197CB-4C8F-4886-AB08-B7913AF0E94E}.Ad-Hoc|x86.ActiveCfg = Release|Any CPU
		{F25197CB-4C8F-4886-AB08-B7913AF0E94E}.Ad-Hoc|x86.Build.0 = Release|Any CPU
		{F25197CB-4C8F-4886-AB08-B7913AF0E94E}.Ad-Hoc|x86.Deploy.0 = Release|Any CPU
		{F25197CB-4C8F-4886-AB08-B7913AF0E94E}.AppStore|Any CPU.ActiveCfg = Release|Any CPU
		{F25197CB-4C8F-4886-AB08-B7913AF0E94E}.AppStore|Any CPU.Build.0 = Release|Any CPU
		{F25197CB-4C8F-4886-AB08-B7913AF0E94E}.AppStore|Any CPU.Deploy.0 = Release|Any CPU
		{F25197CB-4C8F-4886-AB08-B7913AF0E94E}.AppStore|ARM.ActiveCfg = Release|Any CPU
		{F25197CB-4C8F-4886-AB08-B7913AF0E94E}.AppStore|ARM.Build.0 = Release|Any CPU
		{F25197CB-4C8F-4886-AB08-B7913AF0E94E}.AppStore|ARM.Deploy.0 = Release|Any CPU
		{F25197CB-4C8F-4886-AB08-B7913AF0E94E}.AppStore|iPhone.ActiveCfg = Release|Any CPU
		{F25197CB-4C8F-4886-AB08-B7913AF0E94E}.AppStore|iPhone.Build.0 = Release|Any CPU
		{F25197CB-4C8F-4886-AB08-B7913AF0E94E}.AppStore|iPhone.Deploy.0 = Release|Any CPU
		{F25197CB-4C8F-4886-AB08-B7913AF0E94E}.AppStore|iPhoneSimulator.ActiveCfg = Release|Any CPU
		{F25197CB-4C8F-4886-AB08-B7913AF0E94E}.AppStore|iPhoneSimulator.Build.0 = Release|Any CPU
		{F25197CB-4C8F-4886-AB08-B7913AF0E94E}.AppStore|iPhoneSimulator.Deploy.0 = Release|Any CPU
		{F25197CB-4C8F-4886-AB08-B7913AF0E94E}.AppStore|x64.ActiveCfg = Release|Any CPU
		{F25197CB-4C8F-4886-AB08-B7913AF0E94E}.AppStore|x64.Build.0 = Release|Any CPU
		{F25197CB-4C8F-4886-AB08-B7913AF0E94E}.AppStore|x64.Deploy.0 = Release|Any CPU
		{F25197CB-4C8F-4886-AB08-B7913AF0E94E}.AppStore|x86.ActiveCfg = Release|Any CPU
		{F25197CB-4C8F-4886-AB08-B7913AF0E94E}.AppStore|x86.Build.0 = Release|Any CPU
		{F25197CB-4C8F-4886-AB08-B7913AF0E94E}.AppStore|x86.Deploy.0 = Release|Any CPU
		{F25197CB-4C8F-4886-AB08-B7913AF0E94E}.Debug|Any CPU.ActiveCfg = Debug|Any CPU
		{F25197CB-4C8F-4886-AB08-B7913AF0E94E}.Debug|Any CPU.Build.0 = Debug|Any CPU
		{F25197CB-4C8F-4886-AB08-B7913AF0E94E}.Debug|Any CPU.Deploy.0 = Debug|Any CPU
		{F25197CB-4C8F-4886-AB08-B7913AF0E94E}.Debug|ARM.ActiveCfg = Debug|Any CPU
		{F25197CB-4C8F-4886-AB08-B7913AF0E94E}.Debug|ARM.Build.0 = Debug|Any CPU
		{F25197CB-4C8F-4886-AB08-B7913AF0E94E}.Debug|ARM.Deploy.0 = Debug|Any CPU
		{F25197CB-4C8F-4886-AB08-B7913AF0E94E}.Debug|iPhone.ActiveCfg = Debug|Any CPU
		{F25197CB-4C8F-4886-AB08-B7913AF0E94E}.Debug|iPhone.Build.0 = Debug|Any CPU
		{F25197CB-4C8F-4886-AB08-B7913AF0E94E}.Debug|iPhone.Deploy.0 = Debug|Any CPU
		{F25197CB-4C8F-4886-AB08-B7913AF0E94E}.Debug|iPhoneSimulator.ActiveCfg = Debug|Any CPU
		{F25197CB-4C8F-4886-AB08-B7913AF0E94E}.Debug|iPhoneSimulator.Build.0 = Debug|Any CPU
		{F25197CB-4C8F-4886-AB08-B7913AF0E94E}.Debug|iPhoneSimulator.Deploy.0 = Debug|Any CPU
		{F25197CB-4C8F-4886-AB08-B7913AF0E94E}.Debug|x64.ActiveCfg = Debug|Any CPU
		{F25197CB-4C8F-4886-AB08-B7913AF0E94E}.Debug|x64.Build.0 = Debug|Any CPU
		{F25197CB-4C8F-4886-AB08-B7913AF0E94E}.Debug|x64.Deploy.0 = Debug|Any CPU
		{F25197CB-4C8F-4886-AB08-B7913AF0E94E}.Debug|x86.ActiveCfg = Debug|Any CPU
		{F25197CB-4C8F-4886-AB08-B7913AF0E94E}.Debug|x86.Build.0 = Debug|Any CPU
		{F25197CB-4C8F-4886-AB08-B7913AF0E94E}.Debug|x86.Deploy.0 = Debug|Any CPU
		{F25197CB-4C8F-4886-AB08-B7913AF0E94E}.Release|Any CPU.ActiveCfg = Release|Any CPU
		{F25197CB-4C8F-4886-AB08-B7913AF0E94E}.Release|Any CPU.Build.0 = Release|Any CPU
		{F25197CB-4C8F-4886-AB08-B7913AF0E94E}.Release|Any CPU.Deploy.0 = Release|Any CPU
		{F25197CB-4C8F-4886-AB08-B7913AF0E94E}.Release|ARM.ActiveCfg = Release|Any CPU
		{F25197CB-4C8F-4886-AB08-B7913AF0E94E}.Release|ARM.Build.0 = Release|Any CPU
		{F25197CB-4C8F-4886-AB08-B7913AF0E94E}.Release|ARM.Deploy.0 = Release|Any CPU
		{F25197CB-4C8F-4886-AB08-B7913AF0E94E}.Release|iPhone.ActiveCfg = Release|Any CPU
		{F25197CB-4C8F-4886-AB08-B7913AF0E94E}.Release|iPhone.Build.0 = Release|Any CPU
		{F25197CB-4C8F-4886-AB08-B7913AF0E94E}.Release|iPhone.Deploy.0 = Release|Any CPU
		{F25197CB-4C8F-4886-AB08-B7913AF0E94E}.Release|iPhoneSimulator.ActiveCfg = Release|Any CPU
		{F25197CB-4C8F-4886-AB08-B7913AF0E94E}.Release|iPhoneSimulator.Build.0 = Release|Any CPU
		{F25197CB-4C8F-4886-AB08-B7913AF0E94E}.Release|iPhoneSimulator.Deploy.0 = Release|Any CPU
		{F25197CB-4C8F-4886-AB08-B7913AF0E94E}.Release|x64.ActiveCfg = Release|Any CPU
		{F25197CB-4C8F-4886-AB08-B7913AF0E94E}.Release|x64.Build.0 = Release|Any CPU
		{F25197CB-4C8F-4886-AB08-B7913AF0E94E}.Release|x64.Deploy.0 = Release|Any CPU
		{F25197CB-4C8F-4886-AB08-B7913AF0E94E}.Release|x86.ActiveCfg = Release|Any CPU
		{F25197CB-4C8F-4886-AB08-B7913AF0E94E}.Release|x86.Build.0 = Release|Any CPU
		{F25197CB-4C8F-4886-AB08-B7913AF0E94E}.Release|x86.Deploy.0 = Release|Any CPU
		{F68FE9C7-34D1-4C8E-A8C8-7655577247C6}.Ad-Hoc|Any CPU.ActiveCfg = Ad-Hoc|iPhone
		{F68FE9C7-34D1-4C8E-A8C8-7655577247C6}.Ad-Hoc|ARM.ActiveCfg = Ad-Hoc|iPhone
		{F68FE9C7-34D1-4C8E-A8C8-7655577247C6}.Ad-Hoc|iPhone.ActiveCfg = Ad-Hoc|iPhone
		{F68FE9C7-34D1-4C8E-A8C8-7655577247C6}.Ad-Hoc|iPhone.Build.0 = Ad-Hoc|iPhone
		{F68FE9C7-34D1-4C8E-A8C8-7655577247C6}.Ad-Hoc|iPhoneSimulator.ActiveCfg = Ad-Hoc|iPhoneSimulator
		{F68FE9C7-34D1-4C8E-A8C8-7655577247C6}.Ad-Hoc|iPhoneSimulator.Build.0 = Ad-Hoc|iPhoneSimulator
		{F68FE9C7-34D1-4C8E-A8C8-7655577247C6}.Ad-Hoc|x64.ActiveCfg = Ad-Hoc|iPhone
		{F68FE9C7-34D1-4C8E-A8C8-7655577247C6}.Ad-Hoc|x86.ActiveCfg = Ad-Hoc|iPhone
		{F68FE9C7-34D1-4C8E-A8C8-7655577247C6}.AppStore|Any CPU.ActiveCfg = AppStore|iPhone
		{F68FE9C7-34D1-4C8E-A8C8-7655577247C6}.AppStore|ARM.ActiveCfg = AppStore|iPhone
		{F68FE9C7-34D1-4C8E-A8C8-7655577247C6}.AppStore|iPhone.ActiveCfg = AppStore|iPhone
		{F68FE9C7-34D1-4C8E-A8C8-7655577247C6}.AppStore|iPhone.Build.0 = AppStore|iPhone
		{F68FE9C7-34D1-4C8E-A8C8-7655577247C6}.AppStore|iPhoneSimulator.ActiveCfg = AppStore|iPhoneSimulator
		{F68FE9C7-34D1-4C8E-A8C8-7655577247C6}.AppStore|iPhoneSimulator.Build.0 = AppStore|iPhoneSimulator
		{F68FE9C7-34D1-4C8E-A8C8-7655577247C6}.AppStore|x64.ActiveCfg = AppStore|iPhone
		{F68FE9C7-34D1-4C8E-A8C8-7655577247C6}.AppStore|x86.ActiveCfg = AppStore|iPhone
		{F68FE9C7-34D1-4C8E-A8C8-7655577247C6}.Debug|Any CPU.ActiveCfg = Debug|iPhone
		{F68FE9C7-34D1-4C8E-A8C8-7655577247C6}.Debug|ARM.ActiveCfg = Debug|iPhone
		{F68FE9C7-34D1-4C8E-A8C8-7655577247C6}.Debug|iPhone.ActiveCfg = Debug|iPhone
		{F68FE9C7-34D1-4C8E-A8C8-7655577247C6}.Debug|iPhone.Build.0 = Debug|iPhone
		{F68FE9C7-34D1-4C8E-A8C8-7655577247C6}.Debug|iPhoneSimulator.ActiveCfg = Debug|iPhoneSimulator
		{F68FE9C7-34D1-4C8E-A8C8-7655577247C6}.Debug|iPhoneSimulator.Build.0 = Debug|iPhoneSimulator
		{F68FE9C7-34D1-4C8E-A8C8-7655577247C6}.Debug|x64.ActiveCfg = Debug|iPhone
		{F68FE9C7-34D1-4C8E-A8C8-7655577247C6}.Debug|x86.ActiveCfg = Debug|iPhone
		{F68FE9C7-34D1-4C8E-A8C8-7655577247C6}.Release|Any CPU.ActiveCfg = Release|iPhone
		{F68FE9C7-34D1-4C8E-A8C8-7655577247C6}.Release|ARM.ActiveCfg = Release|iPhone
		{F68FE9C7-34D1-4C8E-A8C8-7655577247C6}.Release|iPhone.ActiveCfg = Release|iPhone
		{F68FE9C7-34D1-4C8E-A8C8-7655577247C6}.Release|iPhone.Build.0 = Release|iPhone
		{F68FE9C7-34D1-4C8E-A8C8-7655577247C6}.Release|iPhoneSimulator.ActiveCfg = Release|iPhoneSimulator
		{F68FE9C7-34D1-4C8E-A8C8-7655577247C6}.Release|iPhoneSimulator.Build.0 = Release|iPhoneSimulator
		{F68FE9C7-34D1-4C8E-A8C8-7655577247C6}.Release|x64.ActiveCfg = Release|iPhone
		{F68FE9C7-34D1-4C8E-A8C8-7655577247C6}.Release|x86.ActiveCfg = Release|iPhone
		{32721FEC-10E6-4053-8580-2FD4754C58E4}.Ad-Hoc|Any CPU.ActiveCfg = Release|Any CPU
		{32721FEC-10E6-4053-8580-2FD4754C58E4}.Ad-Hoc|Any CPU.Build.0 = Release|Any CPU
		{32721FEC-10E6-4053-8580-2FD4754C58E4}.Ad-Hoc|Any CPU.Deploy.0 = Release|Any CPU
		{32721FEC-10E6-4053-8580-2FD4754C58E4}.Ad-Hoc|ARM.ActiveCfg = Release|ARM
		{32721FEC-10E6-4053-8580-2FD4754C58E4}.Ad-Hoc|ARM.Build.0 = Release|ARM
		{32721FEC-10E6-4053-8580-2FD4754C58E4}.Ad-Hoc|ARM.Deploy.0 = Release|ARM
		{32721FEC-10E6-4053-8580-2FD4754C58E4}.Ad-Hoc|iPhone.ActiveCfg = Release|Any CPU
		{32721FEC-10E6-4053-8580-2FD4754C58E4}.Ad-Hoc|iPhone.Build.0 = Release|Any CPU
		{32721FEC-10E6-4053-8580-2FD4754C58E4}.Ad-Hoc|iPhone.Deploy.0 = Release|Any CPU
		{32721FEC-10E6-4053-8580-2FD4754C58E4}.Ad-Hoc|iPhoneSimulator.ActiveCfg = Release|Any CPU
		{32721FEC-10E6-4053-8580-2FD4754C58E4}.Ad-Hoc|iPhoneSimulator.Build.0 = Release|Any CPU
		{32721FEC-10E6-4053-8580-2FD4754C58E4}.Ad-Hoc|iPhoneSimulator.Deploy.0 = Release|Any CPU
		{32721FEC-10E6-4053-8580-2FD4754C58E4}.Ad-Hoc|x64.ActiveCfg = Release|Any CPU
		{32721FEC-10E6-4053-8580-2FD4754C58E4}.Ad-Hoc|x64.Build.0 = Release|Any CPU
		{32721FEC-10E6-4053-8580-2FD4754C58E4}.Ad-Hoc|x64.Deploy.0 = Release|Any CPU
		{32721FEC-10E6-4053-8580-2FD4754C58E4}.Ad-Hoc|x86.ActiveCfg = Release|x86
		{32721FEC-10E6-4053-8580-2FD4754C58E4}.Ad-Hoc|x86.Build.0 = Release|x86
		{32721FEC-10E6-4053-8580-2FD4754C58E4}.Ad-Hoc|x86.Deploy.0 = Release|x86
		{32721FEC-10E6-4053-8580-2FD4754C58E4}.AppStore|Any CPU.ActiveCfg = Release|Any CPU
		{32721FEC-10E6-4053-8580-2FD4754C58E4}.AppStore|Any CPU.Build.0 = Release|Any CPU
		{32721FEC-10E6-4053-8580-2FD4754C58E4}.AppStore|Any CPU.Deploy.0 = Release|Any CPU
		{32721FEC-10E6-4053-8580-2FD4754C58E4}.AppStore|ARM.ActiveCfg = Release|ARM
		{32721FEC-10E6-4053-8580-2FD4754C58E4}.AppStore|ARM.Build.0 = Release|ARM
		{32721FEC-10E6-4053-8580-2FD4754C58E4}.AppStore|ARM.Deploy.0 = Release|ARM
		{32721FEC-10E6-4053-8580-2FD4754C58E4}.AppStore|iPhone.ActiveCfg = Release|Any CPU
		{32721FEC-10E6-4053-8580-2FD4754C58E4}.AppStore|iPhone.Build.0 = Release|Any CPU
		{32721FEC-10E6-4053-8580-2FD4754C58E4}.AppStore|iPhone.Deploy.0 = Release|Any CPU
		{32721FEC-10E6-4053-8580-2FD4754C58E4}.AppStore|iPhoneSimulator.ActiveCfg = Release|Any CPU
		{32721FEC-10E6-4053-8580-2FD4754C58E4}.AppStore|iPhoneSimulator.Build.0 = Release|Any CPU
		{32721FEC-10E6-4053-8580-2FD4754C58E4}.AppStore|iPhoneSimulator.Deploy.0 = Release|Any CPU
		{32721FEC-10E6-4053-8580-2FD4754C58E4}.AppStore|x64.ActiveCfg = Release|Any CPU
		{32721FEC-10E6-4053-8580-2FD4754C58E4}.AppStore|x64.Build.0 = Release|Any CPU
		{32721FEC-10E6-4053-8580-2FD4754C58E4}.AppStore|x64.Deploy.0 = Release|Any CPU
		{32721FEC-10E6-4053-8580-2FD4754C58E4}.AppStore|x86.ActiveCfg = Release|x86
		{32721FEC-10E6-4053-8580-2FD4754C58E4}.AppStore|x86.Build.0 = Release|x86
		{32721FEC-10E6-4053-8580-2FD4754C58E4}.AppStore|x86.Deploy.0 = Release|x86
		{32721FEC-10E6-4053-8580-2FD4754C58E4}.Debug|Any CPU.ActiveCfg = Debug|Any CPU
		{32721FEC-10E6-4053-8580-2FD4754C58E4}.Debug|Any CPU.Build.0 = Debug|Any CPU
		{32721FEC-10E6-4053-8580-2FD4754C58E4}.Debug|Any CPU.Deploy.0 = Debug|Any CPU
		{32721FEC-10E6-4053-8580-2FD4754C58E4}.Debug|ARM.ActiveCfg = Debug|ARM
		{32721FEC-10E6-4053-8580-2FD4754C58E4}.Debug|ARM.Build.0 = Debug|ARM
		{32721FEC-10E6-4053-8580-2FD4754C58E4}.Debug|ARM.Deploy.0 = Debug|ARM
		{32721FEC-10E6-4053-8580-2FD4754C58E4}.Debug|iPhone.ActiveCfg = Debug|Any CPU
		{32721FEC-10E6-4053-8580-2FD4754C58E4}.Debug|iPhone.Build.0 = Debug|Any CPU
		{32721FEC-10E6-4053-8580-2FD4754C58E4}.Debug|iPhone.Deploy.0 = Debug|Any CPU
		{32721FEC-10E6-4053-8580-2FD4754C58E4}.Debug|iPhoneSimulator.ActiveCfg = Debug|Any CPU
		{32721FEC-10E6-4053-8580-2FD4754C58E4}.Debug|iPhoneSimulator.Build.0 = Debug|Any CPU
		{32721FEC-10E6-4053-8580-2FD4754C58E4}.Debug|iPhoneSimulator.Deploy.0 = Debug|Any CPU
		{32721FEC-10E6-4053-8580-2FD4754C58E4}.Debug|x64.ActiveCfg = Debug|Any CPU
		{32721FEC-10E6-4053-8580-2FD4754C58E4}.Debug|x64.Build.0 = Debug|Any CPU
		{32721FEC-10E6-4053-8580-2FD4754C58E4}.Debug|x64.Deploy.0 = Debug|Any CPU
		{32721FEC-10E6-4053-8580-2FD4754C58E4}.Debug|x86.ActiveCfg = Debug|x86
		{32721FEC-10E6-4053-8580-2FD4754C58E4}.Debug|x86.Build.0 = Debug|x86
		{32721FEC-10E6-4053-8580-2FD4754C58E4}.Debug|x86.Deploy.0 = Debug|x86
		{32721FEC-10E6-4053-8580-2FD4754C58E4}.Release|Any CPU.ActiveCfg = Release|Any CPU
		{32721FEC-10E6-4053-8580-2FD4754C58E4}.Release|Any CPU.Build.0 = Release|Any CPU
		{32721FEC-10E6-4053-8580-2FD4754C58E4}.Release|Any CPU.Deploy.0 = Release|Any CPU
		{32721FEC-10E6-4053-8580-2FD4754C58E4}.Release|ARM.ActiveCfg = Release|ARM
		{32721FEC-10E6-4053-8580-2FD4754C58E4}.Release|ARM.Build.0 = Release|ARM
		{32721FEC-10E6-4053-8580-2FD4754C58E4}.Release|ARM.Deploy.0 = Release|ARM
		{32721FEC-10E6-4053-8580-2FD4754C58E4}.Release|iPhone.ActiveCfg = Release|Any CPU
		{32721FEC-10E6-4053-8580-2FD4754C58E4}.Release|iPhone.Build.0 = Release|Any CPU
		{32721FEC-10E6-4053-8580-2FD4754C58E4}.Release|iPhone.Deploy.0 = Release|Any CPU
		{32721FEC-10E6-4053-8580-2FD4754C58E4}.Release|iPhoneSimulator.ActiveCfg = Release|Any CPU
		{32721FEC-10E6-4053-8580-2FD4754C58E4}.Release|iPhoneSimulator.Build.0 = Release|Any CPU
		{32721FEC-10E6-4053-8580-2FD4754C58E4}.Release|iPhoneSimulator.Deploy.0 = Release|Any CPU
		{32721FEC-10E6-4053-8580-2FD4754C58E4}.Release|x64.ActiveCfg = Release|Any CPU
		{32721FEC-10E6-4053-8580-2FD4754C58E4}.Release|x64.Build.0 = Release|Any CPU
		{32721FEC-10E6-4053-8580-2FD4754C58E4}.Release|x64.Deploy.0 = Release|Any CPU
		{32721FEC-10E6-4053-8580-2FD4754C58E4}.Release|x86.ActiveCfg = Release|x86
		{32721FEC-10E6-4053-8580-2FD4754C58E4}.Release|x86.Build.0 = Release|x86
		{32721FEC-10E6-4053-8580-2FD4754C58E4}.Release|x86.Deploy.0 = Release|x86
		{FC0818AB-F673-482E-AC92-C9715AABCD84}.Ad-Hoc|Any CPU.ActiveCfg = Release|x86
		{FC0818AB-F673-482E-AC92-C9715AABCD84}.Ad-Hoc|Any CPU.Build.0 = Release|x86
		{FC0818AB-F673-482E-AC92-C9715AABCD84}.Ad-Hoc|Any CPU.Deploy.0 = Release|x86
		{FC0818AB-F673-482E-AC92-C9715AABCD84}.Ad-Hoc|ARM.ActiveCfg = Release|ARM
		{FC0818AB-F673-482E-AC92-C9715AABCD84}.Ad-Hoc|ARM.Build.0 = Release|ARM
		{FC0818AB-F673-482E-AC92-C9715AABCD84}.Ad-Hoc|ARM.Deploy.0 = Release|ARM
		{FC0818AB-F673-482E-AC92-C9715AABCD84}.Ad-Hoc|iPhone.ActiveCfg = Release|x86
		{FC0818AB-F673-482E-AC92-C9715AABCD84}.Ad-Hoc|iPhone.Build.0 = Release|x86
		{FC0818AB-F673-482E-AC92-C9715AABCD84}.Ad-Hoc|iPhone.Deploy.0 = Release|x86
		{FC0818AB-F673-482E-AC92-C9715AABCD84}.Ad-Hoc|iPhoneSimulator.ActiveCfg = Release|x86
		{FC0818AB-F673-482E-AC92-C9715AABCD84}.Ad-Hoc|iPhoneSimulator.Build.0 = Release|x86
		{FC0818AB-F673-482E-AC92-C9715AABCD84}.Ad-Hoc|iPhoneSimulator.Deploy.0 = Release|x86
		{FC0818AB-F673-482E-AC92-C9715AABCD84}.Ad-Hoc|x64.ActiveCfg = Release|x64
		{FC0818AB-F673-482E-AC92-C9715AABCD84}.Ad-Hoc|x64.Build.0 = Release|x64
		{FC0818AB-F673-482E-AC92-C9715AABCD84}.Ad-Hoc|x64.Deploy.0 = Release|x64
		{FC0818AB-F673-482E-AC92-C9715AABCD84}.Ad-Hoc|x86.ActiveCfg = Release|x86
		{FC0818AB-F673-482E-AC92-C9715AABCD84}.Ad-Hoc|x86.Build.0 = Release|x86
		{FC0818AB-F673-482E-AC92-C9715AABCD84}.Ad-Hoc|x86.Deploy.0 = Release|x86
		{FC0818AB-F673-482E-AC92-C9715AABCD84}.AppStore|Any CPU.ActiveCfg = Release|x86
		{FC0818AB-F673-482E-AC92-C9715AABCD84}.AppStore|Any CPU.Build.0 = Release|x86
		{FC0818AB-F673-482E-AC92-C9715AABCD84}.AppStore|Any CPU.Deploy.0 = Release|x86
		{FC0818AB-F673-482E-AC92-C9715AABCD84}.AppStore|ARM.ActiveCfg = Release|ARM
		{FC0818AB-F673-482E-AC92-C9715AABCD84}.AppStore|ARM.Build.0 = Release|ARM
		{FC0818AB-F673-482E-AC92-C9715AABCD84}.AppStore|ARM.Deploy.0 = Release|ARM
		{FC0818AB-F673-482E-AC92-C9715AABCD84}.AppStore|iPhone.ActiveCfg = Release|x86
		{FC0818AB-F673-482E-AC92-C9715AABCD84}.AppStore|iPhone.Build.0 = Release|x86
		{FC0818AB-F673-482E-AC92-C9715AABCD84}.AppStore|iPhone.Deploy.0 = Release|x86
		{FC0818AB-F673-482E-AC92-C9715AABCD84}.AppStore|iPhoneSimulator.ActiveCfg = Release|x86
		{FC0818AB-F673-482E-AC92-C9715AABCD84}.AppStore|iPhoneSimulator.Build.0 = Release|x86
		{FC0818AB-F673-482E-AC92-C9715AABCD84}.AppStore|iPhoneSimulator.Deploy.0 = Release|x86
		{FC0818AB-F673-482E-AC92-C9715AABCD84}.AppStore|x64.ActiveCfg = Release|x64
		{FC0818AB-F673-482E-AC92-C9715AABCD84}.AppStore|x64.Build.0 = Release|x64
		{FC0818AB-F673-482E-AC92-C9715AABCD84}.AppStore|x64.Deploy.0 = Release|x64
		{FC0818AB-F673-482E-AC92-C9715AABCD84}.AppStore|x86.ActiveCfg = Release|x86
		{FC0818AB-F673-482E-AC92-C9715AABCD84}.AppStore|x86.Build.0 = Release|x86
		{FC0818AB-F673-482E-AC92-C9715AABCD84}.AppStore|x86.Deploy.0 = Release|x86
		{FC0818AB-F673-482E-AC92-C9715AABCD84}.Debug|Any CPU.ActiveCfg = Debug|x86
		{FC0818AB-F673-482E-AC92-C9715AABCD84}.Debug|ARM.ActiveCfg = Debug|ARM
		{FC0818AB-F673-482E-AC92-C9715AABCD84}.Debug|ARM.Build.0 = Debug|ARM
		{FC0818AB-F673-482E-AC92-C9715AABCD84}.Debug|ARM.Deploy.0 = Debug|ARM
		{FC0818AB-F673-482E-AC92-C9715AABCD84}.Debug|iPhone.ActiveCfg = Debug|x86
		{FC0818AB-F673-482E-AC92-C9715AABCD84}.Debug|iPhoneSimulator.ActiveCfg = Debug|x86
		{FC0818AB-F673-482E-AC92-C9715AABCD84}.Debug|x64.ActiveCfg = Debug|x64
		{FC0818AB-F673-482E-AC92-C9715AABCD84}.Debug|x64.Build.0 = Debug|x64
		{FC0818AB-F673-482E-AC92-C9715AABCD84}.Debug|x64.Deploy.0 = Debug|x64
		{FC0818AB-F673-482E-AC92-C9715AABCD84}.Debug|x86.ActiveCfg = Debug|x86
		{FC0818AB-F673-482E-AC92-C9715AABCD84}.Debug|x86.Build.0 = Debug|x86
		{FC0818AB-F673-482E-AC92-C9715AABCD84}.Debug|x86.Deploy.0 = Debug|x86
		{FC0818AB-F673-482E-AC92-C9715AABCD84}.Release|Any CPU.ActiveCfg = Release|x86
		{FC0818AB-F673-482E-AC92-C9715AABCD84}.Release|ARM.ActiveCfg = Release|ARM
		{FC0818AB-F673-482E-AC92-C9715AABCD84}.Release|ARM.Build.0 = Release|ARM
		{FC0818AB-F673-482E-AC92-C9715AABCD84}.Release|ARM.Deploy.0 = Release|ARM
		{FC0818AB-F673-482E-AC92-C9715AABCD84}.Release|iPhone.ActiveCfg = Release|x86
		{FC0818AB-F673-482E-AC92-C9715AABCD84}.Release|iPhoneSimulator.ActiveCfg = Release|x86
		{FC0818AB-F673-482E-AC92-C9715AABCD84}.Release|x64.ActiveCfg = Release|x64
		{FC0818AB-F673-482E-AC92-C9715AABCD84}.Release|x64.Build.0 = Release|x64
		{FC0818AB-F673-482E-AC92-C9715AABCD84}.Release|x64.Deploy.0 = Release|x64
		{FC0818AB-F673-482E-AC92-C9715AABCD84}.Release|x86.ActiveCfg = Release|x86
		{FC0818AB-F673-482E-AC92-C9715AABCD84}.Release|x86.Build.0 = Release|x86
		{FC0818AB-F673-482E-AC92-C9715AABCD84}.Release|x86.Deploy.0 = Release|x86
		{3FA05B8F-A604-4ACC-8E54-8E7E944C7A09}.Ad-Hoc|Any CPU.ActiveCfg = Release|Any CPU
		{3FA05B8F-A604-4ACC-8E54-8E7E944C7A09}.Ad-Hoc|Any CPU.Build.0 = Release|Any CPU
		{3FA05B8F-A604-4ACC-8E54-8E7E944C7A09}.Ad-Hoc|Any CPU.Deploy.0 = Release|Any CPU
		{3FA05B8F-A604-4ACC-8E54-8E7E944C7A09}.Ad-Hoc|ARM.ActiveCfg = Release|ARM
		{3FA05B8F-A604-4ACC-8E54-8E7E944C7A09}.Ad-Hoc|ARM.Build.0 = Release|ARM
		{3FA05B8F-A604-4ACC-8E54-8E7E944C7A09}.Ad-Hoc|ARM.Deploy.0 = Release|ARM
		{3FA05B8F-A604-4ACC-8E54-8E7E944C7A09}.Ad-Hoc|iPhone.ActiveCfg = Release|Any CPU
		{3FA05B8F-A604-4ACC-8E54-8E7E944C7A09}.Ad-Hoc|iPhone.Build.0 = Release|Any CPU
		{3FA05B8F-A604-4ACC-8E54-8E7E944C7A09}.Ad-Hoc|iPhone.Deploy.0 = Release|Any CPU
		{3FA05B8F-A604-4ACC-8E54-8E7E944C7A09}.Ad-Hoc|iPhoneSimulator.ActiveCfg = Release|Any CPU
		{3FA05B8F-A604-4ACC-8E54-8E7E944C7A09}.Ad-Hoc|iPhoneSimulator.Build.0 = Release|Any CPU
		{3FA05B8F-A604-4ACC-8E54-8E7E944C7A09}.Ad-Hoc|iPhoneSimulator.Deploy.0 = Release|Any CPU
		{3FA05B8F-A604-4ACC-8E54-8E7E944C7A09}.Ad-Hoc|x64.ActiveCfg = Release|x64
		{3FA05B8F-A604-4ACC-8E54-8E7E944C7A09}.Ad-Hoc|x64.Build.0 = Release|x64
		{3FA05B8F-A604-4ACC-8E54-8E7E944C7A09}.Ad-Hoc|x64.Deploy.0 = Release|x64
		{3FA05B8F-A604-4ACC-8E54-8E7E944C7A09}.Ad-Hoc|x86.ActiveCfg = Release|x86
		{3FA05B8F-A604-4ACC-8E54-8E7E944C7A09}.Ad-Hoc|x86.Build.0 = Release|x86
		{3FA05B8F-A604-4ACC-8E54-8E7E944C7A09}.Ad-Hoc|x86.Deploy.0 = Release|x86
		{3FA05B8F-A604-4ACC-8E54-8E7E944C7A09}.AppStore|Any CPU.ActiveCfg = Release|Any CPU
		{3FA05B8F-A604-4ACC-8E54-8E7E944C7A09}.AppStore|Any CPU.Build.0 = Release|Any CPU
		{3FA05B8F-A604-4ACC-8E54-8E7E944C7A09}.AppStore|Any CPU.Deploy.0 = Release|Any CPU
		{3FA05B8F-A604-4ACC-8E54-8E7E944C7A09}.AppStore|ARM.ActiveCfg = Release|ARM
		{3FA05B8F-A604-4ACC-8E54-8E7E944C7A09}.AppStore|ARM.Build.0 = Release|ARM
		{3FA05B8F-A604-4ACC-8E54-8E7E944C7A09}.AppStore|ARM.Deploy.0 = Release|ARM
		{3FA05B8F-A604-4ACC-8E54-8E7E944C7A09}.AppStore|iPhone.ActiveCfg = Release|Any CPU
		{3FA05B8F-A604-4ACC-8E54-8E7E944C7A09}.AppStore|iPhone.Build.0 = Release|Any CPU
		{3FA05B8F-A604-4ACC-8E54-8E7E944C7A09}.AppStore|iPhone.Deploy.0 = Release|Any CPU
		{3FA05B8F-A604-4ACC-8E54-8E7E944C7A09}.AppStore|iPhoneSimulator.ActiveCfg = Release|Any CPU
		{3FA05B8F-A604-4ACC-8E54-8E7E944C7A09}.AppStore|iPhoneSimulator.Build.0 = Release|Any CPU
		{3FA05B8F-A604-4ACC-8E54-8E7E944C7A09}.AppStore|iPhoneSimulator.Deploy.0 = Release|Any CPU
		{3FA05B8F-A604-4ACC-8E54-8E7E944C7A09}.AppStore|x64.ActiveCfg = Release|x64
		{3FA05B8F-A604-4ACC-8E54-8E7E944C7A09}.AppStore|x64.Build.0 = Release|x64
		{3FA05B8F-A604-4ACC-8E54-8E7E944C7A09}.AppStore|x64.Deploy.0 = Release|x64
		{3FA05B8F-A604-4ACC-8E54-8E7E944C7A09}.AppStore|x86.ActiveCfg = Release|x86
		{3FA05B8F-A604-4ACC-8E54-8E7E944C7A09}.AppStore|x86.Build.0 = Release|x86
		{3FA05B8F-A604-4ACC-8E54-8E7E944C7A09}.AppStore|x86.Deploy.0 = Release|x86
		{3FA05B8F-A604-4ACC-8E54-8E7E944C7A09}.Debug|Any CPU.ActiveCfg = Debug|Any CPU
		{3FA05B8F-A604-4ACC-8E54-8E7E944C7A09}.Debug|Any CPU.Build.0 = Debug|Any CPU
		{3FA05B8F-A604-4ACC-8E54-8E7E944C7A09}.Debug|Any CPU.Deploy.0 = Debug|Any CPU
		{3FA05B8F-A604-4ACC-8E54-8E7E944C7A09}.Debug|ARM.ActiveCfg = Debug|ARM
		{3FA05B8F-A604-4ACC-8E54-8E7E944C7A09}.Debug|ARM.Build.0 = Debug|ARM
		{3FA05B8F-A604-4ACC-8E54-8E7E944C7A09}.Debug|ARM.Deploy.0 = Debug|ARM
		{3FA05B8F-A604-4ACC-8E54-8E7E944C7A09}.Debug|iPhone.ActiveCfg = Debug|Any CPU
		{3FA05B8F-A604-4ACC-8E54-8E7E944C7A09}.Debug|iPhone.Build.0 = Debug|Any CPU
		{3FA05B8F-A604-4ACC-8E54-8E7E944C7A09}.Debug|iPhone.Deploy.0 = Debug|Any CPU
		{3FA05B8F-A604-4ACC-8E54-8E7E944C7A09}.Debug|iPhoneSimulator.ActiveCfg = Debug|Any CPU
		{3FA05B8F-A604-4ACC-8E54-8E7E944C7A09}.Debug|iPhoneSimulator.Build.0 = Debug|Any CPU
		{3FA05B8F-A604-4ACC-8E54-8E7E944C7A09}.Debug|iPhoneSimulator.Deploy.0 = Debug|Any CPU
		{3FA05B8F-A604-4ACC-8E54-8E7E944C7A09}.Debug|x64.ActiveCfg = Debug|x64
		{3FA05B8F-A604-4ACC-8E54-8E7E944C7A09}.Debug|x64.Build.0 = Debug|x64
		{3FA05B8F-A604-4ACC-8E54-8E7E944C7A09}.Debug|x64.Deploy.0 = Debug|x64
		{3FA05B8F-A604-4ACC-8E54-8E7E944C7A09}.Debug|x86.ActiveCfg = Debug|x86
		{3FA05B8F-A604-4ACC-8E54-8E7E944C7A09}.Debug|x86.Build.0 = Debug|x86
		{3FA05B8F-A604-4ACC-8E54-8E7E944C7A09}.Debug|x86.Deploy.0 = Debug|x86
		{3FA05B8F-A604-4ACC-8E54-8E7E944C7A09}.Release|Any CPU.ActiveCfg = Release|Any CPU
		{3FA05B8F-A604-4ACC-8E54-8E7E944C7A09}.Release|Any CPU.Build.0 = Release|Any CPU
		{3FA05B8F-A604-4ACC-8E54-8E7E944C7A09}.Release|Any CPU.Deploy.0 = Release|Any CPU
		{3FA05B8F-A604-4ACC-8E54-8E7E944C7A09}.Release|ARM.ActiveCfg = Release|ARM
		{3FA05B8F-A604-4ACC-8E54-8E7E944C7A09}.Release|ARM.Build.0 = Release|ARM
		{3FA05B8F-A604-4ACC-8E54-8E7E944C7A09}.Release|ARM.Deploy.0 = Release|ARM
		{3FA05B8F-A604-4ACC-8E54-8E7E944C7A09}.Release|iPhone.ActiveCfg = Release|Any CPU
		{3FA05B8F-A604-4ACC-8E54-8E7E944C7A09}.Release|iPhone.Build.0 = Release|Any CPU
		{3FA05B8F-A604-4ACC-8E54-8E7E944C7A09}.Release|iPhone.Deploy.0 = Release|Any CPU
		{3FA05B8F-A604-4ACC-8E54-8E7E944C7A09}.Release|iPhoneSimulator.ActiveCfg = Release|Any CPU
		{3FA05B8F-A604-4ACC-8E54-8E7E944C7A09}.Release|iPhoneSimulator.Build.0 = Release|Any CPU
		{3FA05B8F-A604-4ACC-8E54-8E7E944C7A09}.Release|iPhoneSimulator.Deploy.0 = Release|Any CPU
		{3FA05B8F-A604-4ACC-8E54-8E7E944C7A09}.Release|x64.ActiveCfg = Release|x64
		{3FA05B8F-A604-4ACC-8E54-8E7E944C7A09}.Release|x64.Build.0 = Release|x64
		{3FA05B8F-A604-4ACC-8E54-8E7E944C7A09}.Release|x64.Deploy.0 = Release|x64
		{3FA05B8F-A604-4ACC-8E54-8E7E944C7A09}.Release|x86.ActiveCfg = Release|x86
		{3FA05B8F-A604-4ACC-8E54-8E7E944C7A09}.Release|x86.Build.0 = Release|x86
		{3FA05B8F-A604-4ACC-8E54-8E7E944C7A09}.Release|x86.Deploy.0 = Release|x86
	EndGlobalSection
	GlobalSection(SolutionProperties) = preSolution
		HideSolutionNode = FALSE
	EndGlobalSection
EndGlobal
